# This file is automatically @generated by Cargo.
# It is not intended for manual editing.
[[package]]
name = "addr2line"
version = "0.13.0"
source = "registry+https://github.com/rust-lang/crates.io-index"
checksum = "1b6a2d3371669ab3ca9797670853d61402b03d0b4b9ebf33d677dfa720203072"
dependencies = [
 "gimli",
]

[[package]]
name = "adler"
version = "0.2.3"
source = "registry+https://github.com/rust-lang/crates.io-index"
checksum = "ee2a4ec343196209d6594e19543ae87a39f96d5534d7174822a3ad825dd6ed7e"

[[package]]
name = "arc-swap"
version = "0.4.7"
source = "registry+https://github.com/rust-lang/crates.io-index"
checksum = "4d25d88fd6b8041580a654f9d0c581a047baee2b3efee13275f2fc392fc75034"

[[package]]
name = "async-trait"
version = "0.1.36"
source = "registry+https://github.com/rust-lang/crates.io-index"
checksum = "a265e3abeffdce30b2e26b7a11b222fe37c6067404001b434101457d0385eb92"
dependencies = [
 "proc-macro2 1.0.18",
 "quote 1.0.7",
 "syn 1.0.34",
]

[[package]]
name = "backtrace"
version = "0.3.50"
source = "registry+https://github.com/rust-lang/crates.io-index"
checksum = "46254cf2fdcdf1badb5934448c1bcbe046a56537b3987d96c51a7afc5d03f293"
dependencies = [
 "addr2line",
 "cfg-if",
 "libc",
 "miniz_oxide",
 "object",
 "rustc-demangle",
]

[[package]]
name = "bitflags"
version = "1.2.1"
source = "registry+https://github.com/rust-lang/crates.io-index"
checksum = "cf1de2fe8c75bc145a2f577add951f8134889b4795d47466a54a5c846d691693"

[[package]]
name = "byteorder"
version = "1.3.4"
source = "registry+https://github.com/rust-lang/crates.io-index"
checksum = "08c48aae112d48ed9f069b33538ea9e3e90aa263cfa3d1c24309612b1f7472de"

[[package]]
name = "bytes"
version = "0.4.12"
source = "registry+https://github.com/rust-lang/crates.io-index"
checksum = "206fdffcfa2df7cbe15601ef46c813fce0965eb3286db6b56c583b814b51c81c"
dependencies = [
 "byteorder",
 "iovec",
]

[[package]]
name = "bytes"
version = "0.5.6"
source = "registry+https://github.com/rust-lang/crates.io-index"
checksum = "0e4cec68f03f32e44924783795810fa50a7035d8c8ebe78580ad7e6c703fba38"

[[package]]
name = "cc"
version = "1.0.58"
source = "registry+https://github.com/rust-lang/crates.io-index"
checksum = "f9a06fb2e53271d7c279ec1efea6ab691c35a2ae67ec0d91d7acec0caf13b518"

[[package]]
name = "cfg-if"
version = "0.1.10"
source = "registry+https://github.com/rust-lang/crates.io-index"
checksum = "4785bdd1c96b2a846b2bd7cc02e86b6b3dbf14e7e53446c4f54c92a361040822"

[[package]]
name = "ctrlc"
version = "3.1.5"
source = "registry+https://github.com/rust-lang/crates.io-index"
checksum = "54dedab740bc412d514cfbc4a1d9d5d16fed02c4b14a7be129003c07fdc33b9b"
dependencies = [
 "nix 0.17.0",
 "winapi 0.3.9",
]

[[package]]
name = "derive-new"
version = "0.5.8"
source = "registry+https://github.com/rust-lang/crates.io-index"
checksum = "71f31892cd5c62e414316f2963c5689242c43d8e7bbcaaeca97e5e28c95d91d9"
dependencies = [
 "proc-macro2 1.0.18",
 "quote 1.0.7",
 "syn 1.0.34",
]

[[package]]
name = "either"
version = "1.5.3"
source = "registry+https://github.com/rust-lang/crates.io-index"
checksum = "bb1f6b1ce1c140482ea30ddd3335fc0024ac7ee112895426e0a629a6c20adfe3"

[[package]]
name = "failure"
version = "0.1.8"
source = "registry+https://github.com/rust-lang/crates.io-index"
checksum = "d32e9bd16cc02eae7db7ef620b392808b89f6a5e16bb3497d159c6b92a0f4f86"
dependencies = [
 "backtrace",
]

[[package]]
name = "fixedbitset"
version = "0.1.9"
source = "registry+https://github.com/rust-lang/crates.io-index"
checksum = "86d4de0081402f5e88cdac65c8dcdcc73118c1a7a465e2a05f0da05843a8ea33"

[[package]]
name = "fnv"
version = "1.0.7"
source = "registry+https://github.com/rust-lang/crates.io-index"
checksum = "3f9eec918d3f24069decb9af1554cad7c880e2da24a9afd88aca000531ab82c1"

[[package]]
name = "fuchsia-zircon"
version = "0.3.3"
source = "registry+https://github.com/rust-lang/crates.io-index"
checksum = "2e9763c69ebaae630ba35f74888db465e49e259ba1bc0eda7d06f4a067615d82"
dependencies = [
 "bitflags",
 "fuchsia-zircon-sys",
]

[[package]]
name = "fuchsia-zircon-sys"
version = "0.3.3"
source = "registry+https://github.com/rust-lang/crates.io-index"
checksum = "3dcaa9ae7725d12cdb85b3ad99a434db70b468c09ded17e012d86b5c1010f7a7"

[[package]]
name = "futures"
version = "0.3.5"
source = "registry+https://github.com/rust-lang/crates.io-index"
checksum = "1e05b85ec287aac0dc34db7d4a569323df697f9c55b99b15d6b4ef8cde49f613"
dependencies = [
 "futures-channel",
 "futures-core",
 "futures-executor",
 "futures-io",
 "futures-sink",
 "futures-task",
 "futures-util",
]

[[package]]
name = "futures-channel"
version = "0.3.5"
source = "registry+https://github.com/rust-lang/crates.io-index"
checksum = "f366ad74c28cca6ba456d95e6422883cfb4b252a83bed929c83abfdbbf2967d5"
dependencies = [
 "futures-core",
 "futures-sink",
]

[[package]]
name = "futures-core"
version = "0.3.5"
source = "registry+https://github.com/rust-lang/crates.io-index"
checksum = "59f5fff90fd5d971f936ad674802482ba441b6f09ba5e15fd8b39145582ca399"

[[package]]
name = "futures-executor"
version = "0.3.5"
source = "registry+https://github.com/rust-lang/crates.io-index"
checksum = "10d6bb888be1153d3abeb9006b11b02cf5e9b209fda28693c31ae1e4e012e314"
dependencies = [
 "futures-core",
 "futures-task",
 "futures-util",
]

[[package]]
name = "futures-io"
version = "0.3.5"
source = "registry+https://github.com/rust-lang/crates.io-index"
checksum = "de27142b013a8e869c14957e6d2edeef89e97c289e69d042ee3a49acd8b51789"

[[package]]
name = "futures-macro"
version = "0.3.5"
source = "registry+https://github.com/rust-lang/crates.io-index"
checksum = "d0b5a30a4328ab5473878237c447333c093297bded83a4983d10f4deea240d39"
dependencies = [
 "proc-macro-hack",
 "proc-macro2 1.0.18",
 "quote 1.0.7",
 "syn 1.0.34",
]

[[package]]
name = "futures-sink"
version = "0.3.5"
source = "registry+https://github.com/rust-lang/crates.io-index"
checksum = "3f2032893cb734c7a05d85ce0cc8b8c4075278e93b24b66f9de99d6eb0fa8acc"

[[package]]
name = "futures-task"
version = "0.3.5"
source = "registry+https://github.com/rust-lang/crates.io-index"
checksum = "bdb66b5f09e22019b1ab0830f7785bcea8e7a42148683f99214f73f8ec21a626"
dependencies = [
 "once_cell",
]

[[package]]
name = "futures-util"
version = "0.3.5"
source = "registry+https://github.com/rust-lang/crates.io-index"
checksum = "8764574ff08b701a084482c3c7031349104b07ac897393010494beaa18ce32c6"
dependencies = [
 "futures-channel",
 "futures-core",
 "futures-io",
 "futures-macro",
 "futures-sink",
 "futures-task",
 "memchr",
 "pin-project",
 "pin-utils",
 "proc-macro-hack",
 "proc-macro-nested",
 "slab",
]

[[package]]
name = "getrandom"
version = "0.1.14"
source = "registry+https://github.com/rust-lang/crates.io-index"
checksum = "7abc8dd8451921606d809ba32e95b6111925cd2906060d2dcc29c070220503eb"
dependencies = [
 "cfg-if",
 "libc",
 "wasi",
]

[[package]]
name = "gimli"
version = "0.22.0"
source = "registry+https://github.com/rust-lang/crates.io-index"
checksum = "aaf91faf136cb47367fa430cd46e37a788775e7fa104f8b4bcb3861dc389b724"

[[package]]
name = "heck"
version = "0.3.1"
source = "registry+https://github.com/rust-lang/crates.io-index"
checksum = "20564e78d53d2bb135c343b3f47714a56af2061f1c928fdb541dc7b9fdd94205"
dependencies = [
 "unicode-segmentation",
]

[[package]]
name = "hermit-abi"
version = "0.1.16"
source = "registry+https://github.com/rust-lang/crates.io-index"
checksum = "4c30f6d0bc6b00693347368a67d41b58f2fb851215ff1da49e90fe2c5c667151"
dependencies = [
 "libc",
]

[[package]]
name = "iovec"
version = "0.1.4"
source = "registry+https://github.com/rust-lang/crates.io-index"
checksum = "b2b3ea6ff95e175473f8ffe6a7eb7c00d054240321b84c57051175fe3c1e075e"
dependencies = [
 "libc",
]

[[package]]
name = "itertools"
version = "0.8.2"
source = "registry+https://github.com/rust-lang/crates.io-index"
checksum = "f56a2d0bc861f9165be4eb3442afd3c236d8a98afd426f65d92324ae1091a484"
dependencies = [
 "either",
]

[[package]]
name = "kernel32-sys"
version = "0.2.2"
source = "registry+https://github.com/rust-lang/crates.io-index"
checksum = "7507624b29483431c0ba2d82aece8ca6cdba9382bff4ddd0f7490560c056098d"
dependencies = [
 "winapi 0.2.8",
 "winapi-build",
]

[[package]]
name = "lazy_static"
version = "1.4.0"
source = "registry+https://github.com/rust-lang/crates.io-index"
checksum = "e2abad23fbc42b3700f2f279844dc832adb2b2eb069b2df918f455c4e18cc646"

[[package]]
name = "libc"
version = "0.2.72"
source = "registry+https://github.com/rust-lang/crates.io-index"
checksum = "a9f8082297d534141b30c8d39e9b1773713ab50fdbe4ff30f750d063b3bfd701"

[[package]]
name = "log"
version = "0.4.11"
source = "registry+https://github.com/rust-lang/crates.io-index"
checksum = "4fabed175da42fed1fa0746b0ea71f412aa9d35e76e95e59b192c64b9dc2bf8b"
dependencies = [
 "cfg-if",
]

[[package]]
name = "memchr"
version = "2.3.3"
source = "registry+https://github.com/rust-lang/crates.io-index"
checksum = "3728d817d99e5ac407411fa471ff9800a778d88a24685968b36824eaf4bee400"

[[package]]
name = "miniz_oxide"
version = "0.4.0"
source = "registry+https://github.com/rust-lang/crates.io-index"
checksum = "be0f75932c1f6cfae3c04000e40114adf955636e19040f9c0a2c380702aa1c7f"
dependencies = [
 "adler",
]

[[package]]
name = "mio"
version = "0.6.22"
source = "registry+https://github.com/rust-lang/crates.io-index"
checksum = "fce347092656428bc8eaf6201042cb551b8d67855af7374542a92a0fbfcac430"
dependencies = [
 "cfg-if",
 "fuchsia-zircon",
 "fuchsia-zircon-sys",
 "iovec",
 "kernel32-sys",
 "libc",
 "log",
 "miow",
 "net2",
 "slab",
 "winapi 0.2.8",
]

[[package]]
name = "mio-uds"
version = "0.6.8"
source = "registry+https://github.com/rust-lang/crates.io-index"
checksum = "afcb699eb26d4332647cc848492bbc15eafb26f08d0304550d5aa1f612e066f0"
dependencies = [
 "iovec",
 "libc",
 "mio",
]

[[package]]
name = "miow"
version = "0.2.1"
source = "registry+https://github.com/rust-lang/crates.io-index"
checksum = "8c1f2f3b1cf331de6896aabf6e9d55dca90356cc9960cca7eaaf408a355ae919"
dependencies = [
 "kernel32-sys",
 "net2",
 "winapi 0.2.8",
 "ws2_32-sys",
]

[[package]]
name = "multimap"
version = "0.4.0"
source = "registry+https://github.com/rust-lang/crates.io-index"
checksum = "2eb04b9f127583ed176e163fb9ec6f3e793b87e21deedd5734a69386a18a0151"

[[package]]
name = "net2"
version = "0.2.34"
source = "registry+https://github.com/rust-lang/crates.io-index"
checksum = "2ba7c918ac76704fb42afcbbb43891e72731f3dcca3bef2a19786297baf14af7"
dependencies = [
 "cfg-if",
 "libc",
 "winapi 0.3.9",
]

[[package]]
name = "nix"
version = "0.16.1"
source = "registry+https://github.com/rust-lang/crates.io-index"
checksum = "dd0eaf8df8bab402257e0a5c17a254e4cc1f72a93588a1ddfb5d356c801aa7cb"
dependencies = [
 "bitflags",
 "cc",
 "cfg-if",
 "libc",
 "void",
]

[[package]]
name = "nix"
version = "0.17.0"
source = "registry+https://github.com/rust-lang/crates.io-index"
checksum = "50e4785f2c3b7589a0d0c1dd60285e1188adac4006e8abd6dd578e1567027363"
dependencies = [
 "bitflags",
 "cc",
 "cfg-if",
 "libc",
 "void",
]

[[package]]
name = "num_cpus"
version = "1.13.0"
source = "registry+https://github.com/rust-lang/crates.io-index"
checksum = "05499f3756671c15885fee9034446956fff3f243d6077b91e5767df161f766b3"
dependencies = [
 "hermit-abi",
 "libc",
]

[[package]]
name = "object"
version = "0.20.0"
source = "registry+https://github.com/rust-lang/crates.io-index"
checksum = "1ab52be62400ca80aa00285d25253d7f7c437b7375c4de678f5405d3afe82ca5"

[[package]]
name = "once_cell"
version = "1.4.1"
source = "registry+https://github.com/rust-lang/crates.io-index"
checksum = "260e51e7efe62b592207e9e13a68e43692a7a279171d6ba57abd208bf23645ad"

[[package]]
name = "petgraph"
version = "0.4.13"
source = "registry+https://github.com/rust-lang/crates.io-index"
checksum = "9c3659d1ee90221741f65dd128d9998311b0e40c5d3c23a62445938214abce4f"
dependencies = [
 "fixedbitset",
]

[[package]]
name = "pin-project"
version = "0.4.23"
source = "registry+https://github.com/rust-lang/crates.io-index"
checksum = "ca4433fff2ae79342e497d9f8ee990d174071408f28f726d6d83af93e58e48aa"
dependencies = [
 "pin-project-internal",
]

[[package]]
name = "pin-project-internal"
version = "0.4.23"
source = "registry+https://github.com/rust-lang/crates.io-index"
checksum = "2c0e815c3ee9a031fdf5af21c10aa17c573c9c6a566328d99e3936c34e36461f"
dependencies = [
 "proc-macro2 1.0.18",
 "quote 1.0.7",
 "syn 1.0.34",
]

[[package]]
name = "pin-project-lite"
version = "0.1.7"
source = "registry+https://github.com/rust-lang/crates.io-index"
checksum = "282adbf10f2698a7a77f8e983a74b2d18176c19a7fd32a45446139ae7b02b715"

[[package]]
name = "pin-utils"
version = "0.1.0"
source = "registry+https://github.com/rust-lang/crates.io-index"
checksum = "8b870d8c151b6f2fb93e84a13146138f05d02ed11c7e7c54f8826aaaf7c9f184"

[[package]]
name = "ppv-lite86"
version = "0.2.8"
source = "registry+https://github.com/rust-lang/crates.io-index"
checksum = "237a5ed80e274dbc66f86bd59c1e25edc039660be53194b5fe0a482e0f2612ea"

[[package]]
name = "proc-macro-hack"
version = "0.5.18"
source = "registry+https://github.com/rust-lang/crates.io-index"
checksum = "99c605b9a0adc77b7211c6b1f722dcb613d68d66859a44f3d485a6da332b0598"

[[package]]
name = "proc-macro-nested"
version = "0.1.6"
source = "registry+https://github.com/rust-lang/crates.io-index"
checksum = "eba180dafb9038b050a4c280019bbedf9f2467b61e5d892dcad585bb57aadc5a"

[[package]]
name = "proc-macro2"
version = "0.4.30"
source = "registry+https://github.com/rust-lang/crates.io-index"
checksum = "cf3d2011ab5c909338f7887f4fc896d35932e29146c12c8d01da6b22a80ba759"
dependencies = [
 "unicode-xid 0.1.0",
]

[[package]]
name = "proc-macro2"
version = "1.0.18"
source = "registry+https://github.com/rust-lang/crates.io-index"
checksum = "beae6331a816b1f65d04c45b078fd8e6c93e8071771f41b8163255bbd8d7c8fa"
dependencies = [
 "unicode-xid 0.2.1",
]

[[package]]
name = "prost"
version = "0.5.0"
source = "registry+https://github.com/rust-lang/crates.io-index"
checksum = "96d14b1c185652833d24aaad41c5832b0be5616a590227c1fbff57c616754b23"
dependencies = [
 "byteorder",
 "bytes 0.4.12",
 "prost-derive",
]

[[package]]
name = "prost-build"
version = "0.5.0"
source = "registry+https://github.com/rust-lang/crates.io-index"
checksum = "eb788126ea840817128183f8f603dce02cb7aea25c2a0b764359d8e20010702e"
dependencies = [
 "bytes 0.4.12",
 "heck",
 "itertools",
 "log",
 "multimap",
 "petgraph",
 "prost",
 "prost-types",
 "tempfile",
 "which",
]

[[package]]
name = "prost-derive"
version = "0.5.0"
source = "registry+https://github.com/rust-lang/crates.io-index"
checksum = "5e7dc378b94ac374644181a2247cebf59a6ec1c88b49ac77f3a94b86b79d0e11"
dependencies = [
 "failure",
 "itertools",
 "proc-macro2 0.4.30",
 "quote 0.6.13",
 "syn 0.15.44",
]

[[package]]
name = "prost-types"
version = "0.5.0"
source = "registry+https://github.com/rust-lang/crates.io-index"
checksum = "1de482a366941c8d56d19b650fac09ca08508f2a696119ee7513ad590c8bac6f"
dependencies = [
 "bytes 0.4.12",
 "prost",
]

[[package]]
name = "protobuf"
version = "2.16.2"
source = "registry+https://github.com/rust-lang/crates.io-index"
checksum = "d883f78645c21b7281d21305181aa1f4dd9e9363e7cf2566c93121552cff003e"

[[package]]
name = "protobuf-codegen"
version = "2.16.2"
source = "registry+https://github.com/rust-lang/crates.io-index"
checksum = "b1c3f99b1babb22152c6591b076d46f64e313c6e30f6f334a89e260e1b3569e6"
dependencies = [
 "protobuf",
]

[[package]]
name = "protobuf-codegen-pure"
version = "2.16.2"
source = "registry+https://github.com/rust-lang/crates.io-index"
checksum = "6cd0751bffc065c0ebb04871866924a0028c5707249da39bc058a73bd348b55f"
dependencies = [
 "protobuf",
 "protobuf-codegen",
]

[[package]]
name = "quote"
version = "0.6.13"
source = "registry+https://github.com/rust-lang/crates.io-index"
checksum = "6ce23b6b870e8f94f81fb0a363d65d86675884b34a09043c81e5562f11c1f8e1"
dependencies = [
 "proc-macro2 0.4.30",
]

[[package]]
name = "quote"
version = "1.0.7"
source = "registry+https://github.com/rust-lang/crates.io-index"
checksum = "aa563d17ecb180e500da1cfd2b028310ac758de548efdd203e18f283af693f37"
dependencies = [
 "proc-macro2 1.0.18",
]

[[package]]
name = "rand"
version = "0.7.3"
source = "registry+https://github.com/rust-lang/crates.io-index"
checksum = "6a6b1679d49b24bbfe0c803429aa1874472f50d9b363131f0e89fc356b544d03"
dependencies = [
 "getrandom",
 "libc",
 "rand_chacha",
 "rand_core",
 "rand_hc",
]

[[package]]
name = "rand_chacha"
version = "0.2.2"
source = "registry+https://github.com/rust-lang/crates.io-index"
checksum = "f4c8ed856279c9737206bf725bf36935d8666ead7aa69b52be55af369d193402"
dependencies = [
 "ppv-lite86",
 "rand_core",
]

[[package]]
name = "rand_core"
version = "0.5.1"
source = "registry+https://github.com/rust-lang/crates.io-index"
checksum = "90bde5296fc891b0cef12a6d03ddccc162ce7b2aff54160af9338f8d40df6d19"
dependencies = [
 "getrandom",
]

[[package]]
name = "rand_hc"
version = "0.2.0"
source = "registry+https://github.com/rust-lang/crates.io-index"
checksum = "ca3129af7b92a17112d59ad498c6f81eaf463253766b90396d39ea7a39d6613c"
dependencies = [
 "rand_core",
]

[[package]]
name = "redox_syscall"
version = "0.1.57"
source = "registry+https://github.com/rust-lang/crates.io-index"
checksum = "41cc0f7e4d5d4544e8861606a285bb08d3e70712ccc7d2b84d7c0ccfaf4b05ce"

[[package]]
name = "remove_dir_all"
version = "0.5.3"
source = "registry+https://github.com/rust-lang/crates.io-index"
checksum = "3acd125665422973a33ac9d3dd2df85edad0f4ae9b00dafb1a05e43a9f5ef8e7"
dependencies = [
 "winapi 0.3.9",
]

[[package]]
name = "rustc-demangle"
version = "0.1.16"
source = "registry+https://github.com/rust-lang/crates.io-index"
checksum = "4c691c0e608126e00913e33f0ccf3727d5fc84573623b8d65b2df340b5201783"

[[package]]
name = "signal-hook-registry"
version = "1.2.0"
source = "registry+https://github.com/rust-lang/crates.io-index"
checksum = "94f478ede9f64724c5d173d7bb56099ec3e2d9fc2774aac65d34b8b890405f41"
dependencies = [
 "arc-swap",
 "libc",
]

[[package]]
name = "simple-logging"
version = "2.0.2"
source = "registry+https://github.com/rust-lang/crates.io-index"
checksum = "b00d48e85675326bb182a2286ea7c1a0b264333ae10f27a937a72be08628b542"
dependencies = [
 "lazy_static",
 "log",
 "thread-id",
]

[[package]]
name = "slab"
version = "0.4.2"
source = "registry+https://github.com/rust-lang/crates.io-index"
checksum = "c111b5bd5695e56cffe5129854aa230b39c93a305372fdbb2668ca2394eea9f8"

[[package]]
name = "syn"
version = "0.15.44"
source = "registry+https://github.com/rust-lang/crates.io-index"
checksum = "9ca4b3b69a77cbe1ffc9e198781b7acb0c7365a883670e8f1c1bc66fba79a5c5"
dependencies = [
 "proc-macro2 0.4.30",
 "quote 0.6.13",
 "unicode-xid 0.1.0",
]

[[package]]
name = "syn"
version = "1.0.34"
source = "registry+https://github.com/rust-lang/crates.io-index"
checksum = "936cae2873c940d92e697597c5eee105fb570cd5689c695806f672883653349b"
dependencies = [
 "proc-macro2 1.0.18",
 "quote 1.0.7",
 "unicode-xid 0.2.1",
]

[[package]]
name = "tempfile"
version = "3.1.0"
source = "registry+https://github.com/rust-lang/crates.io-index"
checksum = "7a6e24d9338a0a5be79593e2fa15a648add6138caa803e2d5bc782c371732ca9"
dependencies = [
 "cfg-if",
 "libc",
 "rand",
 "redox_syscall",
 "remove_dir_all",
 "winapi 0.3.9",
]

[[package]]
name = "thiserror"
version = "1.0.20"
source = "registry+https://github.com/rust-lang/crates.io-index"
checksum = "7dfdd070ccd8ccb78f4ad66bf1982dc37f620ef696c6b5028fe2ed83dd3d0d08"
dependencies = [
 "thiserror-impl",
]

[[package]]
name = "thiserror-impl"
version = "1.0.20"
source = "registry+https://github.com/rust-lang/crates.io-index"
checksum = "bd80fc12f73063ac132ac92aceea36734f04a1d93c1240c6944e23a3b8841793"
dependencies = [
 "proc-macro2 1.0.18",
 "quote 1.0.7",
 "syn 1.0.34",
]

[[package]]
name = "thread-id"
version = "3.3.0"
source = "registry+https://github.com/rust-lang/crates.io-index"
checksum = "c7fbf4c9d56b320106cd64fd024dadfa0be7cb4706725fc44a7d7ce952d820c1"
dependencies = [
 "libc",
 "redox_syscall",
 "winapi 0.3.9",
]

[[package]]
name = "tokio"
version = "0.2.21"
source = "registry+https://github.com/rust-lang/crates.io-index"
checksum = "d099fa27b9702bed751524694adbe393e18b36b204da91eb1cbbbbb4a5ee2d58"
dependencies = [
 "bytes 0.5.6",
 "fnv",
 "futures-core",
 "lazy_static",
 "libc",
 "memchr",
 "mio",
 "mio-uds",
 "num_cpus",
 "pin-project-lite",
 "signal-hook-registry",
 "slab",
 "tokio-macros",
 "winapi 0.3.9",
]

[[package]]
name = "tokio-macros"
version = "0.2.5"
source = "registry+https://github.com/rust-lang/crates.io-index"
checksum = "f0c3acc6aa564495a0f2e1d59fab677cd7f81a19994cfc7f3ad0e64301560389"
dependencies = [
 "proc-macro2 1.0.18",
 "quote 1.0.7",
 "syn 1.0.34",
]

[[package]]
name = "tokio-vsock"
version = "0.2.2"
source = "registry+https://github.com/rust-lang/crates.io-index"
checksum = "547a35667d4d842422da7f5528612321770f2f640e7fd5df0431de7b717fb2b4"
dependencies = [
 "bytes 0.4.12",
 "futures",
 "iovec",
 "libc",
 "mio",
 "nix 0.17.0",
 "tokio",
 "vsock",
]

[[package]]
name = "ttrpc"
version = "0.4.7"
dependencies = [
 "async-trait",
 "byteorder",
 "futures",
 "libc",
 "log",
 "nix 0.16.1",
 "protobuf",
 "protobuf-codegen-pure",
 "thiserror",
 "tokio",
 "tokio-vsock",
]

[[package]]
name = "ttrpc-codegen"
version = "0.1.2"
dependencies = [
 "protobuf",
 "protobuf-codegen",
 "protobuf-codegen-pure",
 "ttrpc-compiler",
]

[[package]]
name = "ttrpc-compiler"
version = "0.3.1"
source = "registry+https://github.com/rust-lang/crates.io-index"
checksum = "b30a7122ecdc9fb3d7db63a04e1066f5a1d77e0edc41e41e72e718df663f6404"
dependencies = [
 "derive-new",
 "prost",
 "prost-build",
 "prost-types",
 "protobuf",
 "protobuf-codegen",
 "tempfile",
]

[[package]]
name = "ttrpc-example"
version = "0.2.0"
dependencies = [
 "async-trait",
 "byteorder",
 "bytes 0.4.12",
 "ctrlc",
 "libc",
 "log",
 "nix 0.16.1",
 "protobuf",
 "simple-logging",
 "tokio",
 "ttrpc",
 "ttrpc-codegen",
]

[[package]]
name = "unicode-segmentation"
version = "1.6.0"
source = "registry+https://github.com/rust-lang/crates.io-index"
checksum = "e83e153d1053cbb5a118eeff7fd5be06ed99153f00dbcd8ae310c5fb2b22edc0"

[[package]]
name = "unicode-xid"
version = "0.1.0"
source = "registry+https://github.com/rust-lang/crates.io-index"
checksum = "fc72304796d0818e357ead4e000d19c9c174ab23dc11093ac919054d20a6a7fc"

[[package]]
name = "unicode-xid"
version = "0.2.1"
source = "registry+https://github.com/rust-lang/crates.io-index"
checksum = "f7fe0bb3479651439c9112f72b6c505038574c9fbb575ed1bf3b797fa39dd564"

[[package]]
name = "void"
version = "1.0.2"
source = "registry+https://github.com/rust-lang/crates.io-index"
checksum = "6a02e4885ed3bc0f2de90ea6dd45ebcbb66dacffe03547fadbb0eeae2770887d"

[[package]]
name = "vsock"
version = "0.2.1"
source = "registry+https://github.com/rust-lang/crates.io-index"
checksum = "dba063357047c0f2216c7c653879ea4e5e198d0c3cde7efa37ebfd9039b48491"
dependencies = [
 "libc",
 "nix 0.17.0",
]

[[package]]
name = "wasi"
version = "0.9.0+wasi-snapshot-preview1"
source = "registry+https://github.com/rust-lang/crates.io-index"
checksum = "cccddf32554fecc6acb585f82a32a72e28b48f8c4c1883ddfeeeaa96f7d8e519"

[[package]]
name = "which"
version = "2.0.1"
source = "registry+https://github.com/rust-lang/crates.io-index"
checksum = "b57acb10231b9493c8472b20cb57317d0679a49e0bdbee44b3b803a6473af164"
dependencies = [
 "failure",
 "libc",
]

[[package]]
name = "winapi"
version = "0.2.8"
source = "registry+https://github.com/rust-lang/crates.io-index"
checksum = "167dc9d6949a9b857f3451275e911c3f44255842c1f7a76f33c55103a909087a"

[[package]]
name = "winapi"
version = "0.3.9"
source = "registry+https://github.com/rust-lang/crates.io-index"
checksum = "5c839a674fcd7a98952e593242ea400abe93992746761e38641405d28b00f419"
dependencies = [
 "winapi-i686-pc-windows-gnu",
 "winapi-x86_64-pc-windows-gnu",
]

[[package]]
name = "winapi-build"
version = "0.1.1"
source = "registry+https://github.com/rust-lang/crates.io-index"
checksum = "2d315eee3b34aca4797b2da6b13ed88266e6d612562a0c46390af8299fc699bc"

[[package]]
name = "winapi-i686-pc-windows-gnu"
version = "0.4.0"
source = "registry+https://github.com/rust-lang/crates.io-index"
checksum = "ac3b87c63620426dd9b991e5ce0329eff545bccbbb34f3be09ff6fb6ab51b7b6"

[[package]]
name = "winapi-x86_64-pc-windows-gnu"
version = "0.4.0"
source = "registry+https://github.com/rust-lang/crates.io-index"
checksum = "712e227841d057c1ee1cd2fb22fa7e5a5461ae8e48fa2ca79ec42cfc1931183f"

[[package]]
name = "ws2_32-sys"
version = "0.2.1"
source = "registry+https://github.com/rust-lang/crates.io-index"
checksum = "d59cefebd0c892fa2dd6de581e937301d8552cb44489cdff035c6187cb63fa5e"
dependencies = [
 "winapi 0.2.8",
 "winapi-build",
]
